
Microsoft Visual Studio Solution File, Format Version 10.00
# Visual Studio 2008
Project("{2150E333-8FDC-42A3-9474-1A3956D46DE8}") = "Algorithm", "Algorithm", "{CD221509-2A2B-4DDC-B4AF-994ADCE1229C}"
EndProject
Project("{2150E333-8FDC-42A3-9474-1A3956D46DE8}") = "Translator", "Translator", "{53720463-B24B-46A7-BF50-46DD2D407327}"
EndProject
Project("{8BC9CEB8-8B4A-11D0-8D11-00A0C91BC942}") = "AralTrans", "AralTrans\AralGood.vcproj", "{BD60AF13-32F7-401A-B193-C335F9BAE5F6}"
EndProject
Project("{8BC9CEB8-8B4A-11D0-8D11-00A0C91BC942}") = "ATContainer", "ATContainer\AralGoodHook.vcproj", "{44E7DEB7-2671-49BA-94D9-4BA1963110D3}"
EndProject
Project("{8BC9CEB8-8B4A-11D0-8D11-00A0C91BC942}") = "AralUpdater", "AralUpdater\AralUpdater.vcproj", "{C09442C3-7B69-4B9F-8E9D-81E38B91D774}"
EndProject
Project("{8BC9CEB8-8B4A-11D0-8D11-00A0C91BC942}") = "ezTransXP", "Translator\ezTransXP\ezTransXP.vcproj", "{2BDA85F3-C6DB-4DF0-9993-48BEC0712978}"
EndProject
Project("{8BC9CEB8-8B4A-11D0-8D11-00A0C91BC942}") = "Kirikiri", "Algorithm\KiriKiri\Kirikiri.vcproj", "{E526487D-9DAC-4EDE-8D6D-69738F2CF827}"
EndProject
Project("{2150E333-8FDC-42A3-9474-1A3956D46DE8}") = "Filter", "Filter", "{63CE623C-BFA9-461C-9391-727956E8241A}"
EndProject
Project("{8BC9CEB8-8B4A-11D0-8D11-00A0C91BC942}") = "ATCode", "Algorithm\ATCode\ATCode.vcproj", "{4B75B5F2-6144-4B84-AA07-193E125B8A11}"
EndProject
Project("{8BC9CEB8-8B4A-11D0-8D11-00A0C91BC942}") = "Cached", "Algorithm\Cached\Cached.vcproj", "{A2CE4133-475A-4D57-A997-93AEA485D296}"
EndProject
Project("{8BC9CEB8-8B4A-11D0-8D11-00A0C91BC942}") = "DebuggingATCode", "Algorithm\DebuggingATCode\DebuggingATCode.vcproj", "{63469D43-581A-445B-B1F8-9DE85C488F69}"
EndProject
Project("{8BC9CEB8-8B4A-11D0-8D11-00A0C91BC942}") = "NonCached", "Algorithm\NonCached\NonCached.vcproj", "{478E5304-DBEE-4474-9FB8-FB2ADFFAFFD9}"
EndProject
Project("{8BC9CEB8-8B4A-11D0-8D11-00A0C91BC942}") = "MultiPlugin", "Translator\MultiPlugin\MultiPlugin.vcproj", "{D9E9488B-C22D-48B0-98C3-E52F4FDCC64A}"
EndProject
Project("{8BC9CEB8-8B4A-11D0-8D11-00A0C91BC942}") = "KoFilter", "Filter\KoFilter\KoFilter.vcproj", "{E58A28FA-E282-45D8-9746-4E83203CEF00}"
EndProject
Project("{8BC9CEB8-8B4A-11D0-8D11-00A0C91BC942}") = "DenyWord", "Filter\DenyWord\DenyWord.vcproj", "{3BD86E7A-698F-4D44-8F11-DA3451A0181D}"
EndProject
Project("{8BC9CEB8-8B4A-11D0-8D11-00A0C91BC942}") = "HK2FK", "Filter\HK2FK\HK2FK.vcproj", "{24B60467-478B-4DED-AFAB-DB45DDB5612E}"
EndProject
Project("{8BC9CEB8-8B4A-11D0-8D11-00A0C91BC942}") = "TransCAT", "Translator\TransCAT\TransCAT.vcproj", "{9652AAF0-BCCA-41A6-AFBC-325FFC192712}"
EndProject
Project("{8BC9CEB8-8B4A-11D0-8D11-00A0C91BC942}") = "KDC", "Filter\KDC\ATPlugin.vcproj", "{6232DBC6-1072-49C2-8D0A-8EED1056C5A0}"
EndProject
Global
	GlobalSection(SolutionConfigurationPlatforms) = preSolution
		Debug|Win32 = Debug|Win32
		Release_UNICODE|Win32 = Release_UNICODE|Win32
		Release|Win32 = Release|Win32
	EndGlobalSection
	GlobalSection(ProjectConfigurationPlatforms) = postSolution
		{BD60AF13-32F7-401A-B193-C335F9BAE5F6}.Debug|Win32.ActiveCfg = Debug|Win32
		{BD60AF13-32F7-401A-B193-C335F9BAE5F6}.Debug|Win32.Build.0 = Debug|Win32
		{BD60AF13-32F7-401A-B193-C335F9BAE5F6}.Release_UNICODE|Win32.ActiveCfg = Release|Win32
		{BD60AF13-32F7-401A-B193-C335F9BAE5F6}.Release_UNICODE|Win32.Build.0 = Release|Win32
		{BD60AF13-32F7-401A-B193-C335F9BAE5F6}.Release|Win32.ActiveCfg = Release|Win32
		{BD60AF13-32F7-401A-B193-C335F9BAE5F6}.Release|Win32.Build.0 = Release|Win32
		{44E7DEB7-2671-49BA-94D9-4BA1963110D3}.Debug|Win32.ActiveCfg = Debug|Win32
		{44E7DEB7-2671-49BA-94D9-4BA1963110D3}.Debug|Win32.Build.0 = Debug|Win32
		{44E7DEB7-2671-49BA-94D9-4BA1963110D3}.Release_UNICODE|Win32.ActiveCfg = Release|Win32
		{44E7DEB7-2671-49BA-94D9-4BA1963110D3}.Release_UNICODE|Win32.Build.0 = Release|Win32
		{44E7DEB7-2671-49BA-94D9-4BA1963110D3}.Release|Win32.ActiveCfg = Release|Win32
		{44E7DEB7-2671-49BA-94D9-4BA1963110D3}.Release|Win32.Build.0 = Release|Win32
		{C09442C3-7B69-4B9F-8E9D-81E38B91D774}.Debug|Win32.ActiveCfg = Debug|Win32
		{C09442C3-7B69-4B9F-8E9D-81E38B91D774}.Debug|Win32.Build.0 = Debug|Win32
		{C09442C3-7B69-4B9F-8E9D-81E38B91D774}.Release_UNICODE|Win32.ActiveCfg = Release|Win32
		{C09442C3-7B69-4B9F-8E9D-81E38B91D774}.Release_UNICODE|Win32.Build.0 = Release|Win32
		{C09442C3-7B69-4B9F-8E9D-81E38B91D774}.Release|Win32.ActiveCfg = Release|Win32
		{C09442C3-7B69-4B9F-8E9D-81E38B91D774}.Release|Win32.Build.0 = Release|Win32
		{2BDA85F3-C6DB-4DF0-9993-48BEC0712978}.Debug|Win32.ActiveCfg = Debug|Win32
		{2BDA85F3-C6DB-4DF0-9993-48BEC0712978}.Debug|Win32.Build.0 = Debug|Win32
		{2BDA85F3-C6DB-4DF0-9993-48BEC0712978}.Release_UNICODE|Win32.ActiveCfg = Release|Win32
		{2BDA85F3-C6DB-4DF0-9993-48BEC0712978}.Release_UNICODE|Win32.Build.0 = Release|Win32
		{2BDA85F3-C6DB-4DF0-9993-48BEC0712978}.Release|Win32.ActiveCfg = Release|Win32
		{2BDA85F3-C6DB-4DF0-9993-48BEC0712978}.Release|Win32.Build.0 = Release|Win32
		{E526487D-9DAC-4EDE-8D6D-69738F2CF827}.Debug|Win32.ActiveCfg = Debug|Win32
		{E526487D-9DAC-4EDE-8D6D-69738F2CF827}.Debug|Win32.Build.0 = Debug|Win32
		{E526487D-9DAC-4EDE-8D6D-69738F2CF827}.Release_UNICODE|Win32.ActiveCfg = Release|Win32
		{E526487D-9DAC-4EDE-8D6D-69738F2CF827}.Release_UNICODE|Win32.Build.0 = Release|Win32
		{E526487D-9DAC-4EDE-8D6D-69738F2CF827}.Release|Win32.ActiveCfg = Release|Win32
		{E526487D-9DAC-4EDE-8D6D-69738F2CF827}.Release|Win32.Build.0 = Release|Win32
		{4B75B5F2-6144-4B84-AA07-193E125B8A11}.Debug|Win32.ActiveCfg = Debug|Win32
		{4B75B5F2-6144-4B84-AA07-193E125B8A11}.Debug|Win32.Build.0 = Debug|Win32
		{4B75B5F2-6144-4B84-AA07-193E125B8A11}.Release_UNICODE|Win32.ActiveCfg = Release|Win32
		{4B75B5F2-6144-4B84-AA07-193E125B8A11}.Release_UNICODE|Win32.Build.0 = Release|Win32
		{4B75B5F2-6144-4B84-AA07-193E125B8A11}.Release|Win32.ActiveCfg = Release|Win32
		{4B75B5F2-6144-4B84-AA07-193E125B8A11}.Release|Win32.Build.0 = Release|Win32
		{A2CE4133-475A-4D57-A997-93AEA485D296}.Debug|Win32.ActiveCfg = Debug|Win32
		{A2CE4133-475A-4D57-A997-93AEA485D296}.Debug|Win32.Build.0 = Debug|Win32
		{A2CE4133-475A-4D57-A997-93AEA485D296}.Release_UNICODE|Win32.ActiveCfg = Release|Win32
		{A2CE4133-475A-4D57-A997-93AEA485D296}.Release_UNICODE|Win32.Build.0 = Release|Win32
		{A2CE4133-475A-4D57-A997-93AEA485D296}.Release|Win32.ActiveCfg = Release|Win32
		{A2CE4133-475A-4D57-A997-93AEA485D296}.Release|Win32.Build.0 = Release|Win32
		{63469D43-581A-445B-B1F8-9DE85C488F69}.Debug|Win32.ActiveCfg = Debug|Win32
		{63469D43-581A-445B-B1F8-9DE85C488F69}.Debug|Win32.Build.0 = Debug|Win32
		{63469D43-581A-445B-B1F8-9DE85C488F69}.Release_UNICODE|Win32.ActiveCfg = Release|Win32
		{63469D43-581A-445B-B1F8-9DE85C488F69}.Release_UNICODE|Win32.Build.0 = Release|Win32
		{63469D43-581A-445B-B1F8-9DE85C488F69}.Release|Win32.ActiveCfg = Release|Win32
		{63469D43-581A-445B-B1F8-9DE85C488F69}.Release|Win32.Build.0 = Release|Win32
		{478E5304-DBEE-4474-9FB8-FB2ADFFAFFD9}.Debug|Win32.ActiveCfg = Debug|Win32
		{478E5304-DBEE-4474-9FB8-FB2ADFFAFFD9}.Debug|Win32.Build.0 = Debug|Win32
		{478E5304-DBEE-4474-9FB8-FB2ADFFAFFD9}.Release_UNICODE|Win32.ActiveCfg = Release|Win32
		{478E5304-DBEE-4474-9FB8-FB2ADFFAFFD9}.Release_UNICODE|Win32.Build.0 = Release|Win32
		{478E5304-DBEE-4474-9FB8-FB2ADFFAFFD9}.Release|Win32.ActiveCfg = Release|Win32
		{478E5304-DBEE-4474-9FB8-FB2ADFFAFFD9}.Release|Win32.Build.0 = Release|Win32
		{D9E9488B-C22D-48B0-98C3-E52F4FDCC64A}.Debug|Win32.ActiveCfg = Debug|Win32
		{D9E9488B-C22D-48B0-98C3-E52F4FDCC64A}.Debug|Win32.Build.0 = Debug|Win32
		{D9E9488B-C22D-48B0-98C3-E52F4FDCC64A}.Release_UNICODE|Win32.ActiveCfg = Release|Win32
		{D9E9488B-C22D-48B0-98C3-E52F4FDCC64A}.Release_UNICODE|Win32.Build.0 = Release|Win32
		{D9E9488B-C22D-48B0-98C3-E52F4FDCC64A}.Release|Win32.ActiveCfg = Release|Win32
		{D9E9488B-C22D-48B0-98C3-E52F4FDCC64A}.Release|Win32.Build.0 = Release|Win32
		{E58A28FA-E282-45D8-9746-4E83203CEF00}.Debug|Win32.ActiveCfg = Debug|Win32
		{E58A28FA-E282-45D8-9746-4E83203CEF00}.Debug|Win32.Build.0 = Debug|Win32
		{E58A28FA-E282-45D8-9746-4E83203CEF00}.Release_UNICODE|Win32.ActiveCfg = Release|Win32
		{E58A28FA-E282-45D8-9746-4E83203CEF00}.Release_UNICODE|Win32.Build.0 = Release|Win32
		{E58A28FA-E282-45D8-9746-4E83203CEF00}.Release|Win32.ActiveCfg = Release|Win32
		{E58A28FA-E282-45D8-9746-4E83203CEF00}.Release|Win32.Build.0 = Release|Win32
		{3BD86E7A-698F-4D44-8F11-DA3451A0181D}.Debug|Win32.ActiveCfg = Debug|Win32
		{3BD86E7A-698F-4D44-8F11-DA3451A0181D}.Debug|Win32.Build.0 = Debug|Win32
		{3BD86E7A-698F-4D44-8F11-DA3451A0181D}.Release_UNICODE|Win32.ActiveCfg = Release|Win32
		{3BD86E7A-698F-4D44-8F11-DA3451A0181D}.Release_UNICODE|Win32.Build.0 = Release|Win32
		{3BD86E7A-698F-4D44-8F11-DA3451A0181D}.Release|Win32.ActiveCfg = Release|Win32
		{3BD86E7A-698F-4D44-8F11-DA3451A0181D}.Release|Win32.Build.0 = Release|Win32
		{24B60467-478B-4DED-AFAB-DB45DDB5612E}.Debug|Win32.ActiveCfg = Debug|Win32
		{24B60467-478B-4DED-AFAB-DB45DDB5612E}.Debug|Win32.Build.0 = Debug|Win32
		{24B60467-478B-4DED-AFAB-DB45DDB5612E}.Release_UNICODE|Win32.ActiveCfg = Release|Win32
		{24B60467-478B-4DED-AFAB-DB45DDB5612E}.Release_UNICODE|Win32.Build.0 = Release|Win32
		{24B60467-478B-4DED-AFAB-DB45DDB5612E}.Release|Win32.ActiveCfg = Release|Win32
		{24B60467-478B-4DED-AFAB-DB45DDB5612E}.Release|Win32.Build.0 = Release|Win32
		{9652AAF0-BCCA-41A6-AFBC-325FFC192712}.Debug|Win32.ActiveCfg = Debug|Win32
		{9652AAF0-BCCA-41A6-AFBC-325FFC192712}.Debug|Win32.Build.0 = Debug|Win32
		{9652AAF0-BCCA-41A6-AFBC-325FFC192712}.Release_UNICODE|Win32.ActiveCfg = Release|Win32
		{9652AAF0-BCCA-41A6-AFBC-325FFC192712}.Release_UNICODE|Win32.Build.0 = Release|Win32
		{9652AAF0-BCCA-41A6-AFBC-325FFC192712}.Release|Win32.ActiveCfg = Release|Win32
		{9652AAF0-BCCA-41A6-AFBC-325FFC192712}.Release|Win32.Build.0 = Release|Win32
		{6232DBC6-1072-49C2-8D0A-8EED1056C5A0}.Debug|Win32.ActiveCfg = Debug|Win32
		{6232DBC6-1072-49C2-8D0A-8EED1056C5A0}.Debug|Win32.Build.0 = Debug|Win32
		{6232DBC6-1072-49C2-8D0A-8EED1056C5A0}.Release_UNICODE|Win32.ActiveCfg = Release|Win32
		{6232DBC6-1072-49C2-8D0A-8EED1056C5A0}.Release_UNICODE|Win32.Build.0 = Release|Win32
		{6232DBC6-1072-49C2-8D0A-8EED1056C5A0}.Release|Win32.ActiveCfg = Release|Win32
		{6232DBC6-1072-49C2-8D0A-8EED1056C5A0}.Release|Win32.Build.0 = Release|Win32
	EndGlobalSection
	GlobalSection(SolutionProperties) = preSolution
		HideSolutionNode = FALSE
	EndGlobalSection
	GlobalSection(NestedProjects) = preSolution
		{E526487D-9DAC-4EDE-8D6D-69738F2CF827} = {CD221509-2A2B-4DDC-B4AF-994ADCE1229C}
		{4B75B5F2-6144-4B84-AA07-193E125B8A11} = {CD221509-2A2B-4DDC-B4AF-994ADCE1229C}
		{A2CE4133-475A-4D57-A997-93AEA485D296} = {CD221509-2A2B-4DDC-B4AF-994ADCE1229C}
		{63469D43-581A-445B-B1F8-9DE85C488F69} = {CD221509-2A2B-4DDC-B4AF-994ADCE1229C}
		{478E5304-DBEE-4474-9FB8-FB2ADFFAFFD9} = {CD221509-2A2B-4DDC-B4AF-994ADCE1229C}
		{2BDA85F3-C6DB-4DF0-9993-48BEC0712978} = {53720463-B24B-46A7-BF50-46DD2D407327}
		{D9E9488B-C22D-48B0-98C3-E52F4FDCC64A} = {53720463-B24B-46A7-BF50-46DD2D407327}
		{9652AAF0-BCCA-41A6-AFBC-325FFC192712} = {53720463-B24B-46A7-BF50-46DD2D407327}
		{E58A28FA-E282-45D8-9746-4E83203CEF00} = {63CE623C-BFA9-461C-9391-727956E8241A}
		{3BD86E7A-698F-4D44-8F11-DA3451A0181D} = {63CE623C-BFA9-461C-9391-727956E8241A}
		{24B60467-478B-4DED-AFAB-DB45DDB5612E} = {63CE623C-BFA9-461C-9391-727956E8241A}
		{6232DBC6-1072-49C2-8D0A-8EED1056C5A0} = {63CE623C-BFA9-461C-9391-727956E8241A}
	EndGlobalSection
EndGlobal
