
Microsoft Visual Studio Solution File, Format Version 10.00
# Visual Studio 2008
Project("{8BC9CEB8-8B4A-11D0-8D11-00A0C91BC942}") = "ATCode", "ATCode.vcproj", "{4B75B5F2-6144-4B84-AA07-193E125B8A11}"
EndProject
Global
	GlobalSection(SolutionConfigurationPlatforms) = preSolution
		Debug|Win32 = Debug|Win32
		Release|Win32 = Release|Win32
	EndGlobalSection
	GlobalSection(ProjectConfigurationPlatforms) = postSolution
		{4B75B5F2-6144-4B84-AA07-193E125B8A11}.Debug|Win32.ActiveCfg = Debug|Win32
		{4B75B5F2-6144-4B84-AA07-193E125B8A11}.Debug|Win32.Build.0 = Debug|Win32
		{4B75B5F2-6144-4B84-AA07-193E125B8A11}.Release|Win32.ActiveCfg = Release|Win32
		{4B75B5F2-6144-4B84-AA07-193E125B8A11}.Release|Win32.Build.0 = Release|Win32
	EndGlobalSection
	GlobalSection(SolutionProperties) = preSolution
		HideSolutionNode = FALSE
	EndGlobalSection
EndGlobal
