
Microsoft Visual Studio Solution File, Format Version 11.00
# Visual Studio 2010
Project("{8BC9CEB8-8B4A-11D0-8D11-00A0C91BC942}") = "CustomDic", "CustomDic.vcxproj", "{8FFFDAA9-E8A1-46F8-8F48-3B58EF8A6D21}"
EndProject
Project("{2150E333-8FDC-42A3-9474-1A3956D46DE8}") = "Solution Items", "Solution Items", "{A7BDEA5F-7D53-49BB-8E5E-A8A9B44E71AE}"
EndProject
Global
	GlobalSection(SolutionConfigurationPlatforms) = preSolution
		Debug|Win32 = Debug|Win32
		Release|Win32 = Release|Win32
	EndGlobalSection
	GlobalSection(ProjectConfigurationPlatforms) = postSolution
		{8FFFDAA9-E8A1-46F8-8F48-3B58EF8A6D21}.Debug|Win32.ActiveCfg = Debug|Win32
		{8FFFDAA9-E8A1-46F8-8F48-3B58EF8A6D21}.Debug|Win32.Build.0 = Debug|Win32
		{8FFFDAA9-E8A1-46F8-8F48-3B58EF8A6D21}.Release|Win32.ActiveCfg = Release|Win32
		{8FFFDAA9-E8A1-46F8-8F48-3B58EF8A6D21}.Release|Win32.Build.0 = Release|Win32
	EndGlobalSection
	GlobalSection(SolutionProperties) = preSolution
		HideSolutionNode = FALSE
	EndGlobalSection
EndGlobal
